
Microsoft Visual Studio Solution File, Format Version 12.00
# Visual Studio 15
VisualStudioVersion = 15.0.26124.0
MinimumVisualStudioVersion = 15.0.26124.0
Project("{2150E333-8FDC-42A3-9474-1A3956D46DE8}") = "src", "src", "{DB3E5BFF-0877-45B9-8696-97AA83044363}"
EndProject
Project("{FAE04EC0-301F-11D3-BF4B-00C04F79EFBC}") = "CommandAPI", "src\CommandAPI\CommandAPI.csproj", "{0FD0A38E-4505-4BD2-86E1-C29DAA487182}"
EndProject
Project("{2150E333-8FDC-42A3-9474-1A3956D46DE8}") = "test", "test", "{475BD257-52F0-4AFD-9D77-4A52349E991B}"
EndProject
Project("{FAE04EC0-301F-11D3-BF4B-00C04F79EFBC}") = "CommandAPI.Tests", "test\CommandAPI.Tests\CommandAPI.Tests.csproj", "{CE74DD79-FA36-46C9-B985-7ABEDD11832D}"
EndProject
Global
	GlobalSection(SolutionConfigurationPlatforms) = preSolution
		Debug|Any CPU = Debug|Any CPU
		Debug|x64 = Debug|x64
		Debug|x86 = Debug|x86
		Release|Any CPU = Release|Any CPU
		Release|x64 = Release|x64
		Release|x86 = Release|x86
	EndGlobalSection
	GlobalSection(SolutionProperties) = preSolution
		HideSolutionNode = FALSE
	EndGlobalSection
	GlobalSection(ProjectConfigurationPlatforms) = postSolution
		{0FD0A38E-4505-4BD2-86E1-C29DAA487182}.Debug|Any CPU.ActiveCfg = Debug|Any CPU
		{0FD0A38E-4505-4BD2-86E1-C29DAA487182}.Debug|Any CPU.Build.0 = Debug|Any CPU
		{0FD0A38E-4505-4BD2-86E1-C29DAA487182}.Debug|x64.ActiveCfg = Debug|Any CPU
		{0FD0A38E-4505-4BD2-86E1-C29DAA487182}.Debug|x64.Build.0 = Debug|Any CPU
		{0FD0A38E-4505-4BD2-86E1-C29DAA487182}.Debug|x86.ActiveCfg = Debug|Any CPU
		{0FD0A38E-4505-4BD2-86E1-C29DAA487182}.Debug|x86.Build.0 = Debug|Any CPU
		{0FD0A38E-4505-4BD2-86E1-C29DAA487182}.Release|Any CPU.ActiveCfg = Release|Any CPU
		{0FD0A38E-4505-4BD2-86E1-C29DAA487182}.Release|Any CPU.Build.0 = Release|Any CPU
		{0FD0A38E-4505-4BD2-86E1-C29DAA487182}.Release|x64.ActiveCfg = Release|Any CPU
		{0FD0A38E-4505-4BD2-86E1-C29DAA487182}.Release|x64.Build.0 = Release|Any CPU
		{0FD0A38E-4505-4BD2-86E1-C29DAA487182}.Release|x86.ActiveCfg = Release|Any CPU
		{0FD0A38E-4505-4BD2-86E1-C29DAA487182}.Release|x86.Build.0 = Release|Any CPU
		{CE74DD79-FA36-46C9-B985-7ABEDD11832D}.Debug|Any CPU.ActiveCfg = Debug|Any CPU
		{CE74DD79-FA36-46C9-B985-7ABEDD11832D}.Debug|Any CPU.Build.0 = Debug|Any CPU
		{CE74DD79-FA36-46C9-B985-7ABEDD11832D}.Debug|x64.ActiveCfg = Debug|Any CPU
		{CE74DD79-FA36-46C9-B985-7ABEDD11832D}.Debug|x64.Build.0 = Debug|Any CPU
		{CE74DD79-FA36-46C9-B985-7ABEDD11832D}.Debug|x86.ActiveCfg = Debug|Any CPU
		{CE74DD79-FA36-46C9-B985-7ABEDD11832D}.Debug|x86.Build.0 = Debug|Any CPU
		{CE74DD79-FA36-46C9-B985-7ABEDD11832D}.Release|Any CPU.ActiveCfg = Release|Any CPU
		{CE74DD79-FA36-46C9-B985-7ABEDD11832D}.Release|Any CPU.Build.0 = Release|Any CPU
		{CE74DD79-FA36-46C9-B985-7ABEDD11832D}.Release|x64.ActiveCfg = Release|Any CPU
		{CE74DD79-FA36-46C9-B985-7ABEDD11832D}.Release|x64.Build.0 = Release|Any CPU
		{CE74DD79-FA36-46C9-B985-7ABEDD11832D}.Release|x86.ActiveCfg = Release|Any CPU
		{CE74DD79-FA36-46C9-B985-7ABEDD11832D}.Release|x86.Build.0 = Release|Any CPU
	EndGlobalSection
	GlobalSection(NestedProjects) = preSolution
		{0FD0A38E-4505-4BD2-86E1-C29DAA487182} = {DB3E5BFF-0877-45B9-8696-97AA83044363}
		{CE74DD79-FA36-46C9-B985-7ABEDD11832D} = {475BD257-52F0-4AFD-9D77-4A52349E991B}
	EndGlobalSection
EndGlobal
